
Microsoft Visual Studio Solution File, Format Version 12.00
# Visual Studio 15
Project("{FAE04EC0-301F-11D3-BF4B-00C04F79EFBC}") = "Assembly-CSharp", "Assembly-CSharp.csproj", "{E5074CF9-D21F-188B-F174-5121681FC342}"
EndProject
Project("{FAE04EC0-301F-11D3-BF4B-00C04F79EFBC}") = "Meryel.CodeAssist.Editor", "Meryel.CodeAssist.Editor.csproj", "{D9854B09-74F3-9884-0D63-45BC063BFF8E}"
EndProject
Global
	GlobalSection(SolutionConfigurationPlatforms) = preSolution
		Debug|Any CPU = Debug|Any CPU
		Release|Any CPU = Release|Any CPU
	EndGlobalSection
	GlobalSection(ProjectConfigurationPlatforms) = postSolution
		{E5074CF9-D21F-188B-F174-5121681FC342}.Debug|Any CPU.ActiveCfg = Debug|Any CPU
		{E5074CF9-D21F-188B-F174-5121681FC342}.Debug|Any CPU.Build.0 = Debug|Any CPU
		{E5074CF9-D21F-188B-F174-5121681FC342}.Release|Any CPU.ActiveCfg = Release|Any CPU
		{E5074CF9-D21F-188B-F174-5121681FC342}.Release|Any CPU.Build.0 = Release|Any CPU
		{D9854B09-74F3-9884-0D63-45BC063BFF8E}.Debug|Any CPU.ActiveCfg = Debug|Any CPU
		{D9854B09-74F3-9884-0D63-45BC063BFF8E}.Debug|Any CPU.Build.0 = Debug|Any CPU
		{D9854B09-74F3-9884-0D63-45BC063BFF8E}.Release|Any CPU.ActiveCfg = Release|Any CPU
		{D9854B09-74F3-9884-0D63-45BC063BFF8E}.Release|Any CPU.Build.0 = Release|Any CPU
	EndGlobalSection
	GlobalSection(SolutionProperties) = preSolution
		HideSolutionNode = FALSE
	EndGlobalSection
EndGlobal
